
Microsoft Visual Studio Solution File, Format Version 12.00
# Visual Studio 15
VisualStudioVersion = 15.0.27130.2026
MinimumVisualStudioVersion = 10.0.40219.1
Project("{FAE04EC0-301F-11D3-BF4B-00C04F79EFBC}") = "MyThread", "thread\MyThread.csproj", "{A3009896-4CC6-40A2-938C-532EFF4F5708}"
EndProject
Global
	GlobalSection(SolutionConfigurationPlatforms) = preSolution
		Debug|Any CPU = Debug|Any CPU
		Release|Any CPU = Release|Any CPU
	EndGlobalSection
	GlobalSection(ProjectConfigurationPlatforms) = postSolution
		{A3009896-4CC6-40A2-938C-532EFF4F5708}.Debug|Any CPU.ActiveCfg = Debug|Any CPU
		{A3009896-4CC6-40A2-938C-532EFF4F5708}.Debug|Any CPU.Build.0 = Debug|Any CPU
		{A3009896-4CC6-40A2-938C-532EFF4F5708}.Release|Any CPU.ActiveCfg = Release|Any CPU
		{A3009896-4CC6-40A2-938C-532EFF4F5708}.Release|Any CPU.Build.0 = Release|Any CPU
	EndGlobalSection
	GlobalSection(SolutionProperties) = preSolution
		HideSolutionNode = FALSE
	EndGlobalSection
	GlobalSection(ExtensibilityGlobals) = postSolution
		SolutionGuid = {1F08F938-0C6C-4DDD-B3B6-38EDDC73CC42}
	EndGlobalSection
EndGlobal
